
Microsoft Visual Studio Solution File, Format Version 12.00
# Visual Studio Version 16
VisualStudioVersion = 16.0.30907.101
MinimumVisualStudioVersion = 10.0.40219.1
Project("{FAE04EC0-301F-11D3-BF4B-00C04F79EFBC}") = "Segundo Ejercicio", "..\Segundo Ejercicio\Segundo Ejercicio.csproj", "{FF7D0CCE-7F75-4A13-9E55-67A20CB0398D}"
EndProject
Global
	GlobalSection(SolutionConfigurationPlatforms) = preSolution
		Debug|Any CPU = Debug|Any CPU
		Release|Any CPU = Release|Any CPU
	EndGlobalSection
	GlobalSection(ProjectConfigurationPlatforms) = postSolution
		{FF7D0CCE-7F75-4A13-9E55-67A20CB0398D}.Debug|Any CPU.ActiveCfg = Debug|Any CPU
		{FF7D0CCE-7F75-4A13-9E55-67A20CB0398D}.Debug|Any CPU.Build.0 = Debug|Any CPU
		{FF7D0CCE-7F75-4A13-9E55-67A20CB0398D}.Release|Any CPU.ActiveCfg = Release|Any CPU
		{FF7D0CCE-7F75-4A13-9E55-67A20CB0398D}.Release|Any CPU.Build.0 = Release|Any CPU
	EndGlobalSection
	GlobalSection(SolutionProperties) = preSolution
		HideSolutionNode = FALSE
	EndGlobalSection
	GlobalSection(ExtensibilityGlobals) = postSolution
		SolutionGuid = {0149CF20-B20A-4E61-9D92-CC480E44B80A}
	EndGlobalSection
EndGlobal
