
Microsoft Visual Studio Solution File, Format Version 12.00
# Visual Studio Version 16
VisualStudioVersion = 16.0.30907.101
MinimumVisualStudioVersion = 10.0.40219.1
Project("{FAE04EC0-301F-11D3-BF4B-00C04F79EFBC}") = "Quinto Ejercicio", "Quinto Ejercicio.csproj", "{82AF1621-3670-4969-A9FA-F234E8C21502}"
EndProject
Global
	GlobalSection(SolutionConfigurationPlatforms) = preSolution
		Debug|Any CPU = Debug|Any CPU
		Release|Any CPU = Release|Any CPU
	EndGlobalSection
	GlobalSection(ProjectConfigurationPlatforms) = postSolution
		{82AF1621-3670-4969-A9FA-F234E8C21502}.Debug|Any CPU.ActiveCfg = Debug|Any CPU
		{82AF1621-3670-4969-A9FA-F234E8C21502}.Debug|Any CPU.Build.0 = Debug|Any CPU
		{82AF1621-3670-4969-A9FA-F234E8C21502}.Release|Any CPU.ActiveCfg = Release|Any CPU
		{82AF1621-3670-4969-A9FA-F234E8C21502}.Release|Any CPU.Build.0 = Release|Any CPU
	EndGlobalSection
	GlobalSection(SolutionProperties) = preSolution
		HideSolutionNode = FALSE
	EndGlobalSection
	GlobalSection(ExtensibilityGlobals) = postSolution
		SolutionGuid = {23176AA1-0DCC-471B-A9A2-1472542F5174}
	EndGlobalSection
EndGlobal
