
Microsoft Visual Studio Solution File, Format Version 12.00
# Visual Studio Version 16
VisualStudioVersion = 16.0.31005.135
MinimumVisualStudioVersion = 10.0.40219.1
Project("{FAE04EC0-301F-11D3-BF4B-00C04F79EFBC}") = "4. Cuarto Ejercicio[pag.110]", "4. Cuarto Ejercicio[pag.110].csproj", "{A2578D32-26EF-4E43-BB0A-0A38F172ECF0}"
EndProject
Global
	GlobalSection(SolutionConfigurationPlatforms) = preSolution
		Debug|Any CPU = Debug|Any CPU
		Release|Any CPU = Release|Any CPU
	EndGlobalSection
	GlobalSection(ProjectConfigurationPlatforms) = postSolution
		{A2578D32-26EF-4E43-BB0A-0A38F172ECF0}.Debug|Any CPU.ActiveCfg = Debug|Any CPU
		{A2578D32-26EF-4E43-BB0A-0A38F172ECF0}.Debug|Any CPU.Build.0 = Debug|Any CPU
		{A2578D32-26EF-4E43-BB0A-0A38F172ECF0}.Release|Any CPU.ActiveCfg = Release|Any CPU
		{A2578D32-26EF-4E43-BB0A-0A38F172ECF0}.Release|Any CPU.Build.0 = Release|Any CPU
	EndGlobalSection
	GlobalSection(SolutionProperties) = preSolution
		HideSolutionNode = FALSE
	EndGlobalSection
	GlobalSection(ExtensibilityGlobals) = postSolution
		SolutionGuid = {4F52E846-2A28-4FA0-8E92-2EDF666FDA11}
	EndGlobalSection
EndGlobal
